
Microsoft Visual Studio Solution File, Format Version 12.00
# Visual Studio Version 17
VisualStudioVersion = 17.7.34221.43
MinimumVisualStudioVersion = 10.0.40219.1
Project("{FAE04EC0-301F-11D3-BF4B-00C04F79EFBC}") = "ONeillo-GameBoardArray", "ONeillo-GameBoardArray\ONeillo-GameBoardArray.csproj", "{8C5D73C9-49B7-4D84-8FC4-ABE2AF3D24DA}"
EndProject
Global
	GlobalSection(SolutionConfigurationPlatforms) = preSolution
		Debug|Any CPU = Debug|Any CPU
		Release|Any CPU = Release|Any CPU
	EndGlobalSection
	GlobalSection(ProjectConfigurationPlatforms) = postSolution
		{8C5D73C9-49B7-4D84-8FC4-ABE2AF3D24DA}.Debug|Any CPU.ActiveCfg = Debug|Any CPU
		{8C5D73C9-49B7-4D84-8FC4-ABE2AF3D24DA}.Debug|Any CPU.Build.0 = Debug|Any CPU
		{8C5D73C9-49B7-4D84-8FC4-ABE2AF3D24DA}.Release|Any CPU.ActiveCfg = Release|Any CPU
		{8C5D73C9-49B7-4D84-8FC4-ABE2AF3D24DA}.Release|Any CPU.Build.0 = Release|Any CPU
	EndGlobalSection
	GlobalSection(SolutionProperties) = preSolution
		HideSolutionNode = FALSE
	EndGlobalSection
	GlobalSection(ExtensibilityGlobals) = postSolution
		SolutionGuid = {AC349137-B1DD-4371-968D-55887171C726}
	EndGlobalSection
EndGlobal
